version = 1
revision = 2
requires-python = ">=3.12"

[[package]]
name = "anyio"
version = "4.6.2.post1"
source = { registry = "https://pypi.org/simple" }
dependencies = [
    { name = "idna" },
    { name = "sniffio" },
]
sdist = { url = "https://files.pythonhosted.org/packages/9f/09/45b9b7a6d4e45c6bcb5bf61d19e3ab87df68e0601fa8c5293de3542546cc/anyio-4.6.2.post1.tar.gz", hash = "sha256:4c8bc31ccdb51c7f7bd251f51c609e038d63e34219b44aa86e47576389880b4c", size = 173422, upload-time = "2024-10-14T14:31:44.021Z" }
wheels = [
    { url = "https://files.pythonhosted.org/packages/e4/f5/f2b75d2fc6f1a260f340f0e7c6a060f4dd2961cc16884ed851b0d18da06a/anyio-4.6.2.post1-py3-none-any.whl", hash = "sha256:6d170c36fba3bdd840c73d3868c1e777e33676a69c3a72cf0a0d5d6d8009b61d", size = 90377, upload-time = "2024-10-14T14:31:42.623Z" },
]

[[package]]
name = "asgiref"
version = "3.8.1"
source = { registry = "https://pypi.org/simple" }
sdist = { url = "https://files.pythonhosted.org/packages/29/38/b3395cc9ad1b56d2ddac9970bc8f4141312dbaec28bc7c218b0dfafd0f42/asgiref-3.8.1.tar.gz", hash = "sha256:c343bd80a0bec947a9860adb4c432ffa7db769836c64238fc34bdc3fec84d590", size = 35186, upload-time = "2024-03-22T14:39:36.863Z" }
wheels = [
    { url = "https://files.pythonhosted.org/packages/39/e3/893e8757be2612e6c266d9bb58ad2e3651524b5b40cf56761e985a28b13e/asgiref-3.8.1-py3-none-any.whl", hash = "sha256:3e1e3ecc849832fe52ccf2cb6686b7a55f82bb1d6aee72a58826471390335e47", size = 23828, upload-time = "2024-03-22T14:39:34.521Z" },
]

[[package]]
name = "certifi"
version = "2024.8.30"
source = { registry = "https://pypi.org/simple" }
sdist = { url = "https://files.pythonhosted.org/packages/b0/ee/9b19140fe824b367c04c5e1b369942dd754c4c5462d5674002f75c4dedc1/certifi-2024.8.30.tar.gz", hash = "sha256:bec941d2aa8195e248a60b31ff9f0558284cf01a52591ceda73ea9afffd69fd9", size = 168507, upload-time = "2024-08-30T01:55:04.365Z" }
wheels = [
    { url = "https://files.pythonhosted.org/packages/12/90/3c9ff0512038035f59d279fddeb79f5f1eccd8859f06d6163c58798b9487/certifi-2024.8.30-py3-none-any.whl", hash = "sha256:922820b53db7a7257ffbda3f597266d435245903d80737e34f8a45ff3e3230d8", size = 167321, upload-time = "2024-08-30T01:55:02.591Z" },
]

[[package]]
name = "click"
version = "8.1.7"
source = { registry = "https://pypi.org/simple" }
dependencies = [
    { name = "colorama", marker = "sys_platform == 'win32'" },
]
sdist = { url = "https://files.pythonhosted.org/packages/96/d3/f04c7bfcf5c1862a2a5b845c6b2b360488cf47af55dfa79c98f6a6bf98b5/click-8.1.7.tar.gz", hash = "sha256:ca9853ad459e787e2192211578cc907e7594e294c7ccc834310722b41b9ca6de", size = 336121, upload-time = "2023-08-17T17:29:11.868Z" }
wheels = [
    { url = "https://files.pythonhosted.org/packages/00/2e/d53fa4befbf2cfa713304affc7ca780ce4fc1fd8710527771b58311a3229/click-8.1.7-py3-none-any.whl", hash = "sha256:ae74fb96c20a0277a1d615f1e4d73c8414f5a98db8b799a7931d1582f3390c28", size = 97941, upload-time = "2023-08-17T17:29:10.08Z" },
]

[[package]]
name = "colorama"
version = "0.4.6"
source = { registry = "https://pypi.org/simple" }
sdist = { url = "https://files.pythonhosted.org/packages/d8/53/6f443c9a4a8358a93a6792e2acffb9d9d5cb0a5cfd8802644b7b1c9a02e4/colorama-0.4.6.tar.gz", hash = "sha256:08695f5cb7ed6e0531a20572697297273c47b8cae5a63ffc6d6ed5c201be6e44", size = 27697, upload-time = "2022-10-25T02:36:22.414Z" }
wheels = [
    { url = "https://files.pythonhosted.org/packages/d1/d6/3965ed04c63042e047cb6a3e6ed1a63a35087b6a609aa3a15ed8ac56c221/colorama-0.4.6-py2.py3-none-any.whl", hash = "sha256:4f1d9991f5acc0ca119f9d443620b77f9d6b33703e51011c16baf57afb285fc6", size = 25335, upload-time = "2022-10-25T02:36:20.889Z" },
]

[[package]]
name = "demo"
version = "0.1.0"
source = { editable = "." }
dependencies = [
    { name = "granian" },
    { name = "httpx" },
    { name = "polars" },
]

[package.dev-dependencies]
dev = [
    { name = "asgiref" },
    { name = "pyright" },
    { name = "pytest" },
    { name = "ruff" },
]

[package.metadata]
requires-dist = [
    { name = "granian", specifier = ">=1.5.2" },
    { name = "httpx", specifier = ">=0.27.0" },
    { name = "polars", specifier = ">=1.5.0" },
]

[package.metadata.requires-dev]
dev = [
    { name = "asgiref", specifier = ">=3.8.1" },
    { name = "pyright", specifier = ">=1.1.377" },
    { name = "pytest", specifier = ">=8.3.3" },
    { name = "ruff", specifier = ">=0.6.1" },
]

[[package]]
name = "granian"
version = "2.4.2"
source = { registry = "https://pypi.org/simple" }
dependencies = [
    { name = "click" },
]
sdist = { url = "https://files.pythonhosted.org/packages/c8/65/3a0e83802aa618105aeec14acb753e72e3d700ef97ca68395f0179bbe692/granian-2.4.2.tar.gz", hash = "sha256:b6ff836875373886e4ad937ce1e4e706d4d3e0066432fe81d55354bd4471be3e", size = 105903, upload-time = "2025-07-15T18:25:49.28Z" }
wheels = [
    { url = "https://files.pythonhosted.org/packages/86/8f/915ccdb5a5a36a7872b416e888c945979d6ded9cb63bb38f2b0ab2973314/granian-2.4.2-cp312-cp312-macosx_10_12_x86_64.whl", hash = "sha256:9068678156be35c9068e07c75f6643af42c35df7c48e8f3356bc389a4c991b32", size = 2870762, upload-time = "2025-07-15T18:23:32.511Z" },
    { url = "https://files.pythonhosted.org/packages/ca/a7/7ae02f9e4ddb5ce28d481ce659e9db4494bfbd1e9ee5fd5e2c534d121fbc/granian-2.4.2-cp312-cp312-macosx_11_0_arm64.whl", hash = "sha256:43562368e817763137d431146deb164a6e1f3c216e6c2e0ff6e1415ea22641e1", size = 2507395, upload-time = "2025-07-15T18:23:33.858Z" },
    { url = "https://files.pythonhosted.org/packages/dd/9e/75e0849730dd527748f78b5ba824e904f72a8e1289bbb311cfc1d3ea8381/granian-2.4.2-cp312-cp312-manylinux_2_17_armv7l.manylinux2014_armv7l.whl", hash = "sha256:32f0403c2281a7593569947d832347f3559971edf3aca8f599f0e861c39061a1", size = 2991074, upload-time = "2025-07-15T18:23:35.799Z" },
    { url = "https://files.pythonhosted.org/packages/70/14/3247391e6f239b43e35fad5ea2591b98fe45fe165e6dba2dae70fc06bbb7/granian-2.4.2-cp312-cp312-manylinux_2_17_i686.manylinux2014_i686.whl", hash = "sha256:3e79eef6ba5bd3b14da7a45456632f49f32767f6732dc297e06cb0b2bff77ac1", size = 2827557, upload-time = "2025-07-15T18:23:37.538Z" },
    { url = "https://files.pythonhosted.org/packages/2a/73/9281fdccfd4fc42652693b6fcca676f8b2ebe95efb1349e7ea044d77b6f3/granian-2.4.2-cp312-cp312-manylinux_2_17_x86_64.manylinux2014_x86_64.whl", hash = "sha256:6ad2775cd9c67eecceb3542e7a93077f2e7df154cddfb891b3e4362d8d41f23a", size = 3048453, upload-time = "2025-07-15T18:23:38.945Z" },
    { url = "https://files.pythonhosted.org/packages/11/74/a19f2a76224e10251ddf0dc827139aed27fc908d2469f146f4bfd291d252/granian-2.4.2-cp312-cp312-manylinux_2_28_aarch64.whl", hash = "sha256:27bdc4e3166feef3a562eba80cd6596f623954f6c142849bb0ac135d1b6a056b", size = 2888448, upload-time = "2025-07-15T18:23:40.215Z" },
    { url = "https://files.pythonhosted.org/packages/63/ce/52ee75ad662902789b46b4f8e629ac48cb61060d867d1c568ef071ecc309/granian-2.4.2-cp312-cp312-musllinux_1_1_aarch64.whl", hash = "sha256:ad25979d9d9fa5d88f2e41df61d51da60f590b6968fb28b964c2790b7e7ec016", size = 2877780, upload-time = "2025-07-15T18:23:41.583Z" },
    { url = "https://files.pythonhosted.org/packages/b9/37/92e55ec5524868e1055aed5b4c5cebf2db1182ceb0117870f0fc13a2af22/granian-2.4.2-cp312-cp312-musllinux_1_1_armv7l.whl", hash = "sha256:8dfc8746f810ac35c06abe34418c87acf493c825c2b16013f9797e47f7b3eb33", size = 3152325, upload-time = "2025-07-15T18:23:43.083Z" },
    { url = "https://files.pythonhosted.org/packages/8a/15/d39ba79446afac6fff7df51ad38d303ea0ed285847f649af9498a7300056/granian-2.4.2-cp312-cp312-musllinux_1_1_x86_64.whl", hash = "sha256:e56ec859e760481435a97810ecbccea4ff073ce321aa84132bafd70cb055a8e9", size = 3081260, upload-time = "2025-07-15T18:23:44.405Z" },
    { url = "https://files.pythonhosted.org/packages/cf/b1/41f768ca26ac7e2297e62799db04f87eaab3f08d1e17e484f54cb143490f/granian-2.4.2-cp312-cp312-win_amd64.whl", hash = "sha256:03ddb45371140774bc71a9f0995972d90a83a083d6dc27eb37931cd76418a0f8", size = 2809944, upload-time = "2025-07-15T18:23:45.819Z" },
    { url = "https://files.pythonhosted.org/packages/10/2b/34c093bc98f435846bb10a13a0ed63a970538566a445d8b8b30a4c93237d/granian-2.4.2-cp313-cp313-macosx_10_12_x86_64.whl", hash = "sha256:a581cae0db4eb4bff980aa7028ee6f1f9808c5b6f41cd14de601462fb0c836ed", size = 2870435, upload-time = "2025-07-15T18:23:47.316Z" },
    { url = "https://files.pythonhosted.org/packages/54/b0/d1798be93c1febf66aec6b79d9536a6c82bacc2f5b25a3d0ec67cf0b7cbe/granian-2.4.2-cp313-cp313-macosx_11_0_arm64.whl", hash = "sha256:5c111a4c4ff11369a83b7d8410e56d25678f6cd15530ec587cbbd10e859e936f", size = 2506757, upload-time = "2025-07-15T18:23:49.105Z" },
    { url = "https://files.pythonhosted.org/packages/21/9e/70b47d86c853ff2a1f12c4c0b32341c3d025526229e1484b2438eb9d4a5e/granian-2.4.2-cp313-cp313-manylinux_2_17_armv7l.manylinux2014_armv7l.whl", hash = "sha256:9b0aa7a3b831530aecd4d1dcbea23b92969277c296c637e1c81d8b2aafad58da", size = 2990889, upload-time = "2025-07-15T18:23:50.603Z" },
    { url = "https://files.pythonhosted.org/packages/db/63/7a539b8c81f1778ba478dfcce7c7932f0cd33797440ecd012e8ed4a363d8/granian-2.4.2-cp313-cp313-manylinux_2_17_i686.manylinux2014_i686.whl", hash = "sha256:0d911bf98b3f121f8479755e9474cc0d90002775bd8e7a720f9d95363ce6021e", size = 2827597, upload-time = "2025-07-15T18:23:53.205Z" },
    { url = "https://files.pythonhosted.org/packages/4f/de/7b75e48e6728170a22754665aa4d30095dd80b068dcce0192a0d5f4f1616/granian-2.4.2-cp313-cp313-manylinux_2_17_x86_64.manylinux2014_x86_64.whl", hash = "sha256:47e3c70e0421325a9e8d0f4c351243edca12732cd7bdcdb157feac5e0c91ce3b", size = 3047972, upload-time = "2025-07-15T18:23:54.613Z" },
    { url = "https://files.pythonhosted.org/packages/3b/0d/4670885ed5662ebba0759bcc9834d07ca3c722ff115fe334f7acf25c3bc1/granian-2.4.2-cp313-cp313-manylinux_2_28_aarch64.whl", hash = "sha256:27bb57c8250f5a9c85890b57934f6a5828d2691a2b9bc3634adc455387d1cdd6", size = 2888344, upload-time = "2025-07-15T18:23:55.92Z" },
    { url = "https://files.pythonhosted.org/packages/f8/a3/1c5d84d46ec2e8179ebd73b59fa4076afec8187ea4470617a2987f1c6250/granian-2.4.2-cp313-cp313-musllinux_1_1_aarch64.whl", hash = "sha256:85c8ec1efb59b46ca2528353404639423816071788c450aa145ce32a2e2dad7a", size = 2877441, upload-time = "2025-07-15T18:23:57.289Z" },
    { url = "https://files.pythonhosted.org/packages/45/13/5b99c3312884ce86607e0ca5a939c413280a6a69648d13685e95b0a6edef/granian-2.4.2-cp313-cp313-musllinux_1_1_armv7l.whl", hash = "sha256:8536b165847acd8a5e894356434a25a3e263b8a0aeeb405f413b18f0a041798a", size = 3152190, upload-time = "2025-07-15T18:23:58.934Z" },
    { url = "https://files.pythonhosted.org/packages/d7/4a/230318005c6ece8eef6a2e5e918d443cc98dae7837e1598292f6e1ba8e43/granian-2.4.2-cp313-cp313-musllinux_1_1_x86_64.whl", hash = "sha256:29bdbcde1ce615bd81583eab6508f9a6aeb6f8372b03bea784810b853e8fd47d", size = 3080768, upload-time = "2025-07-15T18:24:00.787Z" },
    { url = "https://files.pythonhosted.org/packages/79/b2/daa9bc61c37ed2a3cf4328100536376292aa3d47b7af4162f45c80d2c4f5/granian-2.4.2-cp313-cp313-win_amd64.whl", hash = "sha256:5391f4c09dfdf8a1690e46d414cab7d1e6ee49ad3007ff190c210192a352862b", size = 2809479, upload-time = "2025-07-15T18:24:02.094Z" },
    { url = "https://files.pythonhosted.org/packages/5e/7a/61bfa510fcb52d4abf99942b309fa7bd84c3826efec548505ffe163d3619/granian-2.4.2-cp313-cp313t-macosx_10_12_x86_64.whl", hash = "sha256:162c3f6ace924809693eebb47970c35658916778e0023f0c46e2e861ffcd5ca2", size = 2827141, upload-time = "2025-07-15T18:24:03.529Z" },
    { url = "https://files.pythonhosted.org/packages/7d/56/bc40aac00e079895e2786f0241c64cd9f4807c935edecb07750995d1fae3/granian-2.4.2-cp313-cp313t-macosx_11_0_arm64.whl", hash = "sha256:dbb9e9e6aae8dfc42bbe4dcaa53e4fea422299622883c221fea47f1c8af44af7", size = 2473891, upload-time = "2025-07-15T18:24:05.644Z" },
    { url = "https://files.pythonhosted.org/packages/29/71/eed17fa79c5565850d9be5a802502541d7e59f9484574fcf4332652a068e/granian-2.4.2-cp313-cp313t-manylinux_2_17_x86_64.manylinux2014_x86_64.whl", hash = "sha256:3b71147b78788faeed0a1753fbdc276e4052a1093a367124de7910d793d04a81", size = 2905117, upload-time = "2025-07-15T18:24:07.015Z" },
    { url = "https://files.pythonhosted.org/packages/7e/ef/86d81d361f3ca4d32d24432b852d65b54fb97a7024884d6b78b427a96c3a/granian-2.4.2-cp313-cp313t-manylinux_2_28_aarch64.whl", hash = "sha256:22f99b52e7d769b65e1a62a763447655ac1a2eafe67901a75d360a22624a93cb", size = 2756635, upload-time = "2025-07-15T18:24:08.742Z" },
    { url = "https://files.pythonhosted.org/packages/d8/ac/bae2bb7e6ab4952888efdc456a0057a596d04c419b4ada428b98a4c8ec02/granian-2.4.2-cp313-cp313t-musllinux_1_1_aarch64.whl", hash = "sha256:5d75695a10742c7ee79a9724ac54e845d3700885471eebd00183c6a3823ec562", size = 2867860, upload-time = "2025-07-15T18:24:10.174Z" },
    { url = "https://files.pythonhosted.org/packages/3a/a2/7c84e116333292968c7619fb10762d17a2504bc4276b28fdfc3193450431/granian-2.4.2-cp313-cp313t-musllinux_1_1_armv7l.whl", hash = "sha256:32e3c76938b06f87bddd96a4544f01f72c2d544ea60085c57e4ba64dfc255fc8", size = 3146321, upload-time = "2025-07-15T18:24:11.586Z" },
    { url = "https://files.pythonhosted.org/packages/7a/79/469c58daa95ec45d7bcb5326b698c8badcc4377112ff563cd29d2284fa5e/granian-2.4.2-cp313-cp313t-musllinux_1_1_x86_64.whl", hash = "sha256:c42617d4a49dd04a8947fae27b09c6c329efc185bed2a15f56e08829c0ecb674", size = 3071950, upload-time = "2025-07-15T18:24:12.995Z" },
    { url = "https://files.pythonhosted.org/packages/e7/40/bec6e1719695fd53b5697e2d9cd5e82b20403187df16962eb5b8c492de19/granian-2.4.2-cp313-cp313t-win_amd64.whl", hash = "sha256:5fbc433effc8121ba9050f5a8d82373759d87220f9a3773e2cb5305dd1641290", size = 2802367, upload-time = "2025-07-15T18:24:14.386Z" },
    { url = "https://files.pythonhosted.org/packages/be/5b/6057cccfe161fbd7fe0c6f04b40d7c8fec0c48ddda48f798468cf239920c/granian-2.4.2-cp314-cp314-macosx_10_12_x86_64.whl", hash = "sha256:1b6999ecb1e7d1beed922e03345481b03abfa08d95c4c66482e2fb463d2cbd0b", size = 2863133, upload-time = "2025-07-15T18:24:15.77Z" },
    { url = "https://files.pythonhosted.org/packages/7b/a5/298661e6fbc700ea140c34f9be3c0a11528d0c12140f2e940679f143c884/granian-2.4.2-cp314-cp314-macosx_11_0_arm64.whl", hash = "sha256:2e212151dc49fa274910b0643f43b87681e2b29072f69a42e156db3e07dc821c", size = 2497857, upload-time = "2025-07-15T18:24:17.183Z" },
    { url = "https://files.pythonhosted.org/packages/ec/73/29e2e258cdef1b560f5ba48ad9abd04ccb491135e31e0834ba91abfda64d/granian-2.4.2-cp314-cp314-manylinux_2_17_armv7l.manylinux2014_armv7l.whl", hash = "sha256:feb070ded4851931f27da1b8469151bd9a4e3e91814b03c0929cf3bfac02adaa", size = 2990936, upload-time = "2025-07-15T18:24:18.633Z" },
    { url = "https://files.pythonhosted.org/packages/89/b7/8809a6911396de91999b9ad85734ba51eb5bb0f63978d17b4d76e05f947d/granian-2.4.2-cp314-cp314-manylinux_2_17_i686.manylinux2014_i686.whl", hash = "sha256:856895472aea005acbe2d2d8cc7cb620b77cdb1aa5b5db3ad534205322a97a48", size = 2818176, upload-time = "2025-07-15T18:24:20.091Z" },
    { url = "https://files.pythonhosted.org/packages/85/c4/8f36c9a1a6155e166b45bc78a88b793607b665e2bf65ab59d04160762863/granian-2.4.2-cp314-cp314-manylinux_2_17_x86_64.manylinux2014_x86_64.whl", hash = "sha256:a793f3c67c0b53dea2bf4e7760c671291b0d76286bddee2ae2e77ac7a72bf6a0", size = 3040169, upload-time = "2025-07-15T18:24:22.148Z" },
    { url = "https://files.pythonhosted.org/packages/1a/c4/b0ad308041634419179ea9c1648de0aa18a57395a0973f8a597798a890a4/granian-2.4.2-cp314-cp314-manylinux_2_28_aarch64.whl", hash = "sha256:a04b419e0b8f82a0d13d811f77a90977e61a8568217ae67fa0dfa1697477e994", size = 2885932, upload-time = "2025-07-15T18:24:23.66Z" },
    { url = "https://files.pythonhosted.org/packages/61/c9/27bf7ddba696a823442403268a0e4279fa41df67fce21f77b333a005440d/granian-2.4.2-cp314-cp314-musllinux_1_1_aarch64.whl", hash = "sha256:b6abbe67a4530dd97c6643c5563e46d2940337332d7985c5aaea144e3c4014c5", size = 2875600, upload-time = "2025-07-15T18:24:25.131Z" },
    { url = "https://files.pythonhosted.org/packages/26/ed/2a0c8560181d0f06ca38f7cd205196900fef3c48f861745eab0c0bfb2b74/granian-2.4.2-cp314-cp314-musllinux_1_1_armv7l.whl", hash = "sha256:2e40996c3a83658775698ee53fd98aa7b12cd145cce9fc8ba4cc47fb32996747", size = 3152161, upload-time = "2025-07-15T18:24:26.614Z" },
    { url = "https://files.pythonhosted.org/packages/19/9c/573e99084e76434fc914870a7e36a0f401d4c1400ffce18cfdd5edb2c4b0/granian-2.4.2-cp314-cp314-musllinux_1_1_x86_64.whl", hash = "sha256:e3dc91a9b33c81a8944e4b64397fc1026668965cb68a00a28298c26e333e4175", size = 3075669, upload-time = "2025-07-15T18:24:33.074Z" },
    { url = "https://files.pythonhosted.org/packages/45/35/3c14d4c24d6aa3fb40d26ba1e7310287b85019d08ddb65261d9626ec3e53/granian-2.4.2-cp314-cp314-win_amd64.whl", hash = "sha256:61a3be045ffa29deefbf4cdf31b62b1b5fb086d3d70be39a09074f47211e6dc6", size = 2798374, upload-time = "2025-07-15T18:24:35.02Z" },
    { url = "https://files.pythonhosted.org/packages/e2/2c/61d9bc6b5f1bf6df866ebcfa648268f67d76b71e01e57ae36f3da21ab6ea/granian-2.4.2-cp314-cp314t-macosx_10_12_x86_64.whl", hash = "sha256:6bfad70d2b2f9ab6be82152acb1c49e300667e246791fab9c2da357496c45b93", size = 2818697, upload-time = "2025-07-15T18:24:36.723Z" },
    { url = "https://files.pythonhosted.org/packages/54/5c/e281a46fe90b55e31e3aa78c511908e4de503957f33cc4c5d8db334d963d/granian-2.4.2-cp314-cp314t-macosx_11_0_arm64.whl", hash = "sha256:801466bdce5f47e540526ca0ef29771cf7a8e1a9680ed61151912009c009990e", size = 2465417, upload-time = "2025-07-15T18:24:38.173Z" },
    { url = "https://files.pythonhosted.org/packages/ef/e7/632c6001cda926f670bfaca517dd37f2d1e455f63408a493ddb2e21e35ab/granian-2.4.2-cp314-cp314t-manylinux_2_17_x86_64.manylinux2014_x86_64.whl", hash = "sha256:b7efa569dcd3f80773b705503e16ef41290ee06c84494fe32fc530e0833c2c20", size = 2901939, upload-time = "2025-07-15T18:24:40.033Z" },
    { url = "https://files.pythonhosted.org/packages/86/32/a16a02aebea6e7c81cca3e52304134aa7e46753152de334dae1374df6adf/granian-2.4.2-cp314-cp314t-manylinux_2_28_aarch64.whl", hash = "sha256:3684266f59d585a3577a929fc5ec04c31fc9864a7ae640fb01774566db49bb44", size = 2754146, upload-time = "2025-07-15T18:24:41.442Z" },
    { url = "https://files.pythonhosted.org/packages/ae/15/1c6780369b969fc76336953e310bd43b627cf959b2a031b3a4701d579a31/granian-2.4.2-cp314-cp314t-musllinux_1_1_aarch64.whl", hash = "sha256:15f091092437020973a15fc4d99b9c49ca9dd42a07ed3c09596d192151738818", size = 2866032, upload-time = "2025-07-15T18:24:42.973Z" },
    { url = "https://files.pythonhosted.org/packages/0b/76/cd5804f8a4b1d83ce59c41bb060040762bb1053dc1a55cc70b2ef865cf61/granian-2.4.2-cp314-cp314t-musllinux_1_1_armv7l.whl", hash = "sha256:b8c35aeb9b85a9ff160eeefcfdefd0beec30da17e218f743ca9506ff644712cf", size = 3143260, upload-time = "2025-07-15T18:24:44.405Z" },
    { url = "https://files.pythonhosted.org/packages/5b/48/27e99fe808227d41c1bbeabab3235a9c6c77d8bde412d49d030317b9b8c9/granian-2.4.2-cp314-cp314t-musllinux_1_1_x86_64.whl", hash = "sha256:2691958f51f49d79d39795dbc8e52caae43836c98c62a2bc79e2f4afbc77e292", size = 3070763, upload-time = "2025-07-15T18:24:45.987Z" },
    { url = "https://files.pythonhosted.org/packages/1a/0d/5ee90e3b02a07ff8b9e6828c680df2ad0a404e568aee0fc9460923d46020/granian-2.4.2-cp314-cp314t-win_amd64.whl", hash = "sha256:f644f1f2c8a0573421fe4b19ee8b7a420f579617a7da3a4172265752888fd71e", size = 2790305, upload-time = "2025-07-15T18:24:47.999Z" },
]

[[package]]
name = "h11"
version = "0.14.0"
source = { registry = "https://pypi.org/simple" }
sdist = { url = "https://files.pythonhosted.org/packages/f5/38/3af3d3633a34a3316095b39c8e8fb4853a28a536e55d347bd8d8e9a14b03/h11-0.14.0.tar.gz", hash = "sha256:8f19fbbe99e72420ff35c00b27a34cb9937e902a8b810e2c88300c6f0a3b699d", size = 100418, upload-time = "2022-09-25T15:40:01.519Z" }
wheels = [
    { url = "https://files.pythonhosted.org/packages/95/04/ff642e65ad6b90db43e668d70ffb6736436c7ce41fcc549f4e9472234127/h11-0.14.0-py3-none-any.whl", hash = "sha256:e3fe4ac4b851c468cc8363d500db52c2ead036020723024a109d37346efaa761", size = 58259, upload-time = "2022-09-25T15:39:59.68Z" },
]

[[package]]
name = "httpcore"
version = "1.0.6"
source = { registry = "https://pypi.org/simple" }
dependencies = [
    { name = "certifi" },
    { name = "h11" },
]
sdist = { url = "https://files.pythonhosted.org/packages/b6/44/ed0fa6a17845fb033bd885c03e842f08c1b9406c86a2e60ac1ae1b9206a6/httpcore-1.0.6.tar.gz", hash = "sha256:73f6dbd6eb8c21bbf7ef8efad555481853f5f6acdeaff1edb0694289269ee17f", size = 85180, upload-time = "2024-10-01T17:02:00.094Z" }
wheels = [
    { url = "https://files.pythonhosted.org/packages/06/89/b161908e2f51be56568184aeb4a880fd287178d176fd1c860d2217f41106/httpcore-1.0.6-py3-none-any.whl", hash = "sha256:27b59625743b85577a8c0e10e55b50b5368a4f2cfe8cc7bcfa9cf00829c2682f", size = 78011, upload-time = "2024-10-01T17:01:58.811Z" },
]

[[package]]
name = "httpx"
version = "0.27.2"
source = { registry = "https://pypi.org/simple" }
dependencies = [
    { name = "anyio" },
    { name = "certifi" },
    { name = "httpcore" },
    { name = "idna" },
    { name = "sniffio" },
]
sdist = { url = "https://files.pythonhosted.org/packages/78/82/08f8c936781f67d9e6b9eeb8a0c8b4e406136ea4c3d1f89a5db71d42e0e6/httpx-0.27.2.tar.gz", hash = "sha256:f7c2be1d2f3c3c3160d441802406b206c2b76f5947b11115e6df10c6c65e66c2", size = 144189, upload-time = "2024-08-27T12:54:01.334Z" }
wheels = [
    { url = "https://files.pythonhosted.org/packages/56/95/9377bcb415797e44274b51d46e3249eba641711cf3348050f76ee7b15ffc/httpx-0.27.2-py3-none-any.whl", hash = "sha256:7bb2708e112d8fdd7829cd4243970f0c223274051cb35ee80c03301ee29a3df0", size = 76395, upload-time = "2024-08-27T12:53:59.653Z" },
]

[[package]]
name = "idna"
version = "3.10"
source = { registry = "https://pypi.org/simple" }
sdist = { url = "https://files.pythonhosted.org/packages/f1/70/7703c29685631f5a7590aa73f1f1d3fa9a380e654b86af429e0934a32f7d/idna-3.10.tar.gz", hash = "sha256:12f65c9b470abda6dc35cf8e63cc574b1c52b11df2c86030af0ac09b01b13ea9", size = 190490, upload-time = "2024-09-15T18:07:39.745Z" }
wheels = [
    { url = "https://files.pythonhosted.org/packages/76/c6/c88e154df9c4e1a2a66ccf0005a88dfb2650c1dffb6f5ce603dfbd452ce3/idna-3.10-py3-none-any.whl", hash = "sha256:946d195a0d259cbba61165e88e65941f16e9b36ea6ddb97f00452bae8b1287d3", size = 70442, upload-time = "2024-09-15T18:07:37.964Z" },
]

[[package]]
name = "iniconfig"
version = "2.0.0"
source = { registry = "https://pypi.org/simple" }
sdist = { url = "https://files.pythonhosted.org/packages/d7/4b/cbd8e699e64a6f16ca3a8220661b5f83792b3017d0f79807cb8708d33913/iniconfig-2.0.0.tar.gz", hash = "sha256:2d91e135bf72d31a410b17c16da610a82cb55f6b0477d1a902134b24a455b8b3", size = 4646, upload-time = "2023-01-07T11:08:11.254Z" }
wheels = [
    { url = "https://files.pythonhosted.org/packages/ef/a6/62565a6e1cf69e10f5727360368e451d4b7f58beeac6173dc9db836a5b46/iniconfig-2.0.0-py3-none-any.whl", hash = "sha256:b6a85871a79d2e3b22d2d1b94ac2824226a63c6b741c88f7ae975f18b6778374", size = 5892, upload-time = "2023-01-07T11:08:09.864Z" },
]

[[package]]
name = "nodeenv"
version = "1.9.1"
source = { registry = "https://pypi.org/simple" }
sdist = { url = "https://files.pythonhosted.org/packages/43/16/fc88b08840de0e0a72a2f9d8c6bae36be573e475a6326ae854bcc549fc45/nodeenv-1.9.1.tar.gz", hash = "sha256:6ec12890a2dab7946721edbfbcd91f3319c6ccc9aec47be7c7e6b7011ee6645f", size = 47437, upload-time = "2024-06-04T18:44:11.171Z" }
wheels = [
    { url = "https://files.pythonhosted.org/packages/d2/1d/1b658dbd2b9fa9c4c9f32accbfc0205d532c8c6194dc0f2a4c0428e7128a/nodeenv-1.9.1-py2.py3-none-any.whl", hash = "sha256:ba11c9782d29c27c70ffbdda2d7415098754709be8a7056d79a737cd901155c9", size = 22314, upload-time = "2024-06-04T18:44:08.352Z" },
]

[[package]]
name = "packaging"
version = "24.1"
source = { registry = "https://pypi.org/simple" }
sdist = { url = "https://files.pythonhosted.org/packages/51/65/50db4dda066951078f0a96cf12f4b9ada6e4b811516bf0262c0f4f7064d4/packaging-24.1.tar.gz", hash = "sha256:026ed72c8ed3fcce5bf8950572258698927fd1dbda10a5e981cdf0ac37f4f002", size = 148788, upload-time = "2024-06-09T23:19:24.956Z" }
wheels = [
    { url = "https://files.pythonhosted.org/packages/08/aa/cc0199a5f0ad350994d660967a8efb233fe0416e4639146c089643407ce6/packaging-24.1-py3-none-any.whl", hash = "sha256:5b8f2217dbdbd2f7f384c41c628544e6d52f2d0f53c6d0c3ea61aa5d1d7ff124", size = 53985, upload-time = "2024-06-09T23:19:21.909Z" },
]

[[package]]
name = "pluggy"
version = "1.5.0"
source = { registry = "https://pypi.org/simple" }
sdist = { url = "https://files.pythonhosted.org/packages/96/2d/02d4312c973c6050a18b314a5ad0b3210edb65a906f868e31c111dede4a6/pluggy-1.5.0.tar.gz", hash = "sha256:2cffa88e94fdc978c4c574f15f9e59b7f4201d439195c3715ca9e2486f1d0cf1", size = 67955, upload-time = "2024-04-20T21:34:42.531Z" }
wheels = [
    { url = "https://files.pythonhosted.org/packages/88/5f/e351af9a41f866ac3f1fac4ca0613908d9a41741cfcf2228f4ad853b697d/pluggy-1.5.0-py3-none-any.whl", hash = "sha256:44e1ad92c8ca002de6377e165f3e0f1be63266ab4d554740532335b9d75ea669", size = 20556, upload-time = "2024-04-20T21:34:40.434Z" },
]

[[package]]
name = "polars"
version = "1.31.0"
source = { registry = "https://pypi.org/simple" }
sdist = { url = "https://files.pythonhosted.org/packages/fd/f5/de1b5ecd7d0bd0dd87aa392937f759f9cc3997c5866a9a7f94eabf37cd48/polars-1.31.0.tar.gz", hash = "sha256:59a88054a5fc0135386268ceefdbb6a6cc012d21b5b44fed4f1d3faabbdcbf32", size = 4681224, upload-time = "2025-06-18T12:00:46.24Z" }
wheels = [
    { url = "https://files.pythonhosted.org/packages/3d/6e/bdd0937653c1e7a564a09ae3bc7757ce83fedbf19da600c8b35d62c0182a/polars-1.31.0-cp39-abi3-macosx_10_12_x86_64.whl", hash = "sha256:ccc68cd6877deecd46b13cbd2663ca89ab2a2cb1fe49d5cfc66a9cef166566d9", size = 34511354, upload-time = "2025-06-18T11:59:40.048Z" },
    { url = "https://files.pythonhosted.org/packages/77/fe/81aaca3540c1a5530b4bc4fd7f1b6f77100243d7bb9b7ad3478b770d8b3e/polars-1.31.0-cp39-abi3-macosx_11_0_arm64.whl", hash = "sha256:a94c5550df397ad3c2d6adc212e59fd93d9b044ec974dd3653e121e6487a7d21", size = 31377712, upload-time = "2025-06-18T11:59:45.104Z" },
    { url = "https://files.pythonhosted.org/packages/b8/d9/5e2753784ea30d84b3e769a56f5e50ac5a89c129e87baa16ac0773eb4ef7/polars-1.31.0-cp39-abi3-manylinux_2_17_x86_64.manylinux2014_x86_64.whl", hash = "sha256:ada7940ed92bea65d5500ae7ac1f599798149df8faa5a6db150327c9ddbee4f1", size = 35050729, upload-time = "2025-06-18T11:59:48.538Z" },
    { url = "https://files.pythonhosted.org/packages/20/e8/a6bdfe7b687c1fe84bceb1f854c43415eaf0d2fdf3c679a9dc9c4776e462/polars-1.31.0-cp39-abi3-manylinux_2_24_aarch64.whl", hash = "sha256:b324e6e3e8c6cc6593f9d72fe625f06af65e8d9d47c8686583585533a5e731e1", size = 32260836, upload-time = "2025-06-18T11:59:52.543Z" },
    { url = "https://files.pythonhosted.org/packages/6e/f6/9d9ad9dc4480d66502497e90ce29efc063373e1598f4bd9b6a38af3e08e7/polars-1.31.0-cp39-abi3-win_amd64.whl", hash = "sha256:3fd874d3432fc932863e8cceff2cff8a12a51976b053f2eb6326a0672134a632", size = 35156211, upload-time = "2025-06-18T11:59:55.805Z" },
    { url = "https://files.pythonhosted.org/packages/40/4b/0673a68ac4d6527fac951970e929c3b4440c654f994f0c957bd5556deb38/polars-1.31.0-cp39-abi3-win_arm64.whl", hash = "sha256:62ef23bb9d10dca4c2b945979f9a50812ac4ace4ed9e158a6b5d32a7322e6f75", size = 31469078, upload-time = "2025-06-18T11:59:59.242Z" },
]

[[package]]
name = "pyright"
version = "1.1.384"
source = { registry = "https://pypi.org/simple" }
dependencies = [
    { name = "nodeenv" },
    { name = "typing-extensions" },
]
sdist = { url = "https://files.pythonhosted.org/packages/84/00/a23114619f9d005f4b0f35e037c76cee029174d090a6f73a355749c74f4a/pyright-1.1.384.tar.gz", hash = "sha256:25e54d61f55cbb45f1195ff89c488832d7a45d59f3e132f178fdf9ef6cafc706", size = 21956, upload-time = "2024-10-09T12:08:28.394Z" }
wheels = [
    { url = "https://files.pythonhosted.org/packages/6d/4a/e7f4d71d194ba675f3577d11eebe4e17a592c4d1c3f9986d4b321ba3c809/pyright-1.1.384-py3-none-any.whl", hash = "sha256:f0b6f4db2da38f27aeb7035c26192f034587875f751b847e9ad42ed0c704ac9e", size = 18578, upload-time = "2024-10-09T12:08:27.311Z" },
]

[[package]]
name = "pytest"
version = "8.3.3"
source = { registry = "https://pypi.org/simple" }
dependencies = [
    { name = "colorama", marker = "sys_platform == 'win32'" },
    { name = "iniconfig" },
    { name = "packaging" },
    { name = "pluggy" },
]
sdist = { url = "https://files.pythonhosted.org/packages/8b/6c/62bbd536103af674e227c41a8f3dcd022d591f6eed5facb5a0f31ee33bbc/pytest-8.3.3.tar.gz", hash = "sha256:70b98107bd648308a7952b06e6ca9a50bc660be218d53c257cc1fc94fda10181", size = 1442487, upload-time = "2024-09-10T10:52:15.003Z" }
wheels = [
    { url = "https://files.pythonhosted.org/packages/6b/77/7440a06a8ead44c7757a64362dd22df5760f9b12dc5f11b6188cd2fc27a0/pytest-8.3.3-py3-none-any.whl", hash = "sha256:a6853c7375b2663155079443d2e45de913a911a11d669df02a50814944db57b2", size = 342341, upload-time = "2024-09-10T10:52:12.54Z" },
]

[[package]]
name = "ruff"
version = "0.6.9"
source = { registry = "https://pypi.org/simple" }
sdist = { url = "https://files.pythonhosted.org/packages/26/0d/6148a48dab5662ca1d5a93b7c0d13c03abd3cc7e2f35db08410e47cef15d/ruff-0.6.9.tar.gz", hash = "sha256:b076ef717a8e5bc819514ee1d602bbdca5b4420ae13a9cf61a0c0a4f53a2baa2", size = 3095355, upload-time = "2024-10-04T13:40:28.594Z" }
wheels = [
    { url = "https://files.pythonhosted.org/packages/6e/8f/f7a0a0ef1818662efb32ed6df16078c95da7a0a3248d64c2410c1e27799f/ruff-0.6.9-py3-none-linux_armv6l.whl", hash = "sha256:064df58d84ccc0ac0fcd63bc3090b251d90e2a372558c0f057c3f75ed73e1ccd", size = 10440526, upload-time = "2024-10-04T13:39:21.747Z" },
    { url = "https://files.pythonhosted.org/packages/8b/69/b179a5faf936a9e2ab45bb412a668e4661eded964ccfa19d533f29463ef6/ruff-0.6.9-py3-none-macosx_10_12_x86_64.whl", hash = "sha256:140d4b5c9f5fc7a7b074908a78ab8d384dd7f6510402267bc76c37195c02a7ec", size = 10034612, upload-time = "2024-10-04T13:39:26.301Z" },
    { url = "https://files.pythonhosted.org/packages/c7/ef/fd1b4be979c579d191eeac37b5cfc0ec906de72c8bcd8595e2c81bb700c1/ruff-0.6.9-py3-none-macosx_11_0_arm64.whl", hash = "sha256:53fd8ca5e82bdee8da7f506d7b03a261f24cd43d090ea9db9a1dc59d9313914c", size = 9706197, upload-time = "2024-10-04T13:39:29.297Z" },
    { url = "https://files.pythonhosted.org/packages/29/61/b376d775deb5851cb48d893c568b511a6d3625ef2c129ad5698b64fb523c/ruff-0.6.9-py3-none-manylinux_2_17_aarch64.manylinux2014_aarch64.whl", hash = "sha256:645d7d8761f915e48a00d4ecc3686969761df69fb561dd914a773c1a8266e14e", size = 10751855, upload-time = "2024-10-04T13:39:33.175Z" },
    { url = "https://files.pythonhosted.org/packages/13/d7/def9e5f446d75b9a9c19b24231a3a658c075d79163b08582e56fa5dcfa38/ruff-0.6.9-py3-none-manylinux_2_17_armv7l.manylinux2014_armv7l.whl", hash = "sha256:eae02b700763e3847595b9d2891488989cac00214da7f845f4bcf2989007d577", size = 10200889, upload-time = "2024-10-04T13:39:36.867Z" },
    { url = "https://files.pythonhosted.org/packages/6c/d6/7f34160818bcb6e84ce293a5966cba368d9112ff0289b273fbb689046047/ruff-0.6.9-py3-none-manylinux_2_17_i686.manylinux2014_i686.whl", hash = "sha256:7d5ccc9e58112441de8ad4b29dcb7a86dc25c5f770e3c06a9d57e0e5eba48829", size = 11038678, upload-time = "2024-10-04T13:39:40.428Z" },
    { url = "https://files.pythonhosted.org/packages/13/34/a40ff8ae62fb1b26fb8e6fa7e64bc0e0a834b47317880de22edd6bfb54fb/ruff-0.6.9-py3-none-manylinux_2_17_ppc64.manylinux2014_ppc64.whl", hash = "sha256:417b81aa1c9b60b2f8edc463c58363075412866ae4e2b9ab0f690dc1e87ac1b5", size = 11808682, upload-time = "2024-10-04T13:39:52.141Z" },
    { url = "https://files.pythonhosted.org/packages/2e/6d/25a4386ae4009fc798bd10ba48c942d1b0b3e459b5403028f1214b6dd161/ruff-0.6.9-py3-none-manylinux_2_17_ppc64le.manylinux2014_ppc64le.whl", hash = "sha256:3c866b631f5fbce896a74a6e4383407ba7507b815ccc52bcedabb6810fdb3ef7", size = 11330446, upload-time = "2024-10-04T13:39:55.783Z" },
    { url = "https://files.pythonhosted.org/packages/f7/f6/bdf891a9200d692c94ebcd06ae5a2fa5894e522f2c66c2a12dd5d8cb2654/ruff-0.6.9-py3-none-manylinux_2_17_s390x.manylinux2014_s390x.whl", hash = "sha256:7b118afbb3202f5911486ad52da86d1d52305b59e7ef2031cea3425142b97d6f", size = 12483048, upload-time = "2024-10-04T13:39:58.845Z" },
    { url = "https://files.pythonhosted.org/packages/a7/86/96f4252f41840e325b3fa6c48297e661abb9f564bd7dcc0572398c8daa42/ruff-0.6.9-py3-none-manylinux_2_17_x86_64.manylinux2014_x86_64.whl", hash = "sha256:a67267654edc23c97335586774790cde402fb6bbdb3c2314f1fc087dee320bfa", size = 10936855, upload-time = "2024-10-04T13:40:01.818Z" },
    { url = "https://files.pythonhosted.org/packages/45/87/801a52d26c8dbf73424238e9908b9ceac430d903c8ef35eab1b44fcfa2bd/ruff-0.6.9-py3-none-musllinux_1_2_aarch64.whl", hash = "sha256:3ef0cc774b00fec123f635ce5c547dac263f6ee9fb9cc83437c5904183b55ceb", size = 10713007, upload-time = "2024-10-04T13:40:05.384Z" },
    { url = "https://files.pythonhosted.org/packages/be/27/6f7161d90320a389695e32b6ebdbfbedde28ccbf52451e4b723d7ce744ad/ruff-0.6.9-py3-none-musllinux_1_2_armv7l.whl", hash = "sha256:12edd2af0c60fa61ff31cefb90aef4288ac4d372b4962c2864aeea3a1a2460c0", size = 10274594, upload-time = "2024-10-04T13:40:08.801Z" },
    { url = "https://files.pythonhosted.org/packages/00/52/dc311775e7b5f5b19831563cb1572ecce63e62681bccc609867711fae317/ruff-0.6.9-py3-none-musllinux_1_2_i686.whl", hash = "sha256:55bb01caeaf3a60b2b2bba07308a02fca6ab56233302406ed5245180a05c5625", size = 10608024, upload-time = "2024-10-04T13:40:11.923Z" },
    { url = "https://files.pythonhosted.org/packages/98/b6/be0a1ddcbac65a30c985cf7224c4fce786ba2c51e7efeb5178fe410ed3cf/ruff-0.6.9-py3-none-musllinux_1_2_x86_64.whl", hash = "sha256:925d26471fa24b0ce5a6cdfab1bb526fb4159952385f386bdcc643813d472039", size = 10982085, upload-time = "2024-10-04T13:40:15.539Z" },
    { url = "https://files.pythonhosted.org/packages/bb/a4/c84bc13d0b573cf7bb7d17b16d6d29f84267c92d79b2f478d4ce322e8e72/ruff-0.6.9-py3-none-win32.whl", hash = "sha256:eb61ec9bdb2506cffd492e05ac40e5bc6284873aceb605503d8494180d6fc84d", size = 8522088, upload-time = "2024-10-04T13:40:19.168Z" },
    { url = "https://files.pythonhosted.org/packages/74/be/fc352bd8ca40daae8740b54c1c3e905a7efe470d420a268cd62150248c91/ruff-0.6.9-py3-none-win_amd64.whl", hash = "sha256:785d31851c1ae91f45b3d8fe23b8ae4b5170089021fbb42402d811135f0b7117", size = 9359275, upload-time = "2024-10-04T13:40:22.852Z" },
    { url = "https://files.pythonhosted.org/packages/3e/14/fd026bc74ded05e2351681545a5f626e78ef831f8edce064d61acd2e6ec7/ruff-0.6.9-py3-none-win_arm64.whl", hash = "sha256:a9641e31476d601f83cd602608739a0840e348bda93fec9f1ee816f8b6798b93", size = 8679879, upload-time = "2024-10-04T13:40:25.797Z" },
]

[[package]]
name = "sniffio"
version = "1.3.1"
source = { registry = "https://pypi.org/simple" }
sdist = { url = "https://files.pythonhosted.org/packages/a2/87/a6771e1546d97e7e041b6ae58d80074f81b7d5121207425c964ddf5cfdbd/sniffio-1.3.1.tar.gz", hash = "sha256:f4324edc670a0f49750a81b895f35c3adb843cca46f0530f79fc1babb23789dc", size = 20372, upload-time = "2024-02-25T23:20:04.057Z" }
wheels = [
    { url = "https://files.pythonhosted.org/packages/e9/44/75a9c9421471a6c4805dbf2356f7c181a29c1879239abab1ea2cc8f38b40/sniffio-1.3.1-py3-none-any.whl", hash = "sha256:2f6da418d1f1e0fddd844478f41680e794e6051915791a034ff65e5f100525a2", size = 10235, upload-time = "2024-02-25T23:20:01.196Z" },
]

[[package]]
name = "typing-extensions"
version = "4.12.2"
source = { registry = "https://pypi.org/simple" }
sdist = { url = "https://files.pythonhosted.org/packages/df/db/f35a00659bc03fec321ba8bce9420de607a1d37f8342eee1863174c69557/typing_extensions-4.12.2.tar.gz", hash = "sha256:1a7ead55c7e559dd4dee8856e3a88b41225abfe1ce8df57b7c13915fe121ffb8", size = 85321, upload-time = "2024-06-07T18:52:15.995Z" }
wheels = [
    { url = "https://files.pythonhosted.org/packages/26/9f/ad63fc0248c5379346306f8668cda6e2e2e9c95e01216d2b8ffd9ff037d0/typing_extensions-4.12.2-py3-none-any.whl", hash = "sha256:04e5ca0351e0f3f85c6853954072df659d0d13fac324d0072316b67d7794700d", size = 37438, upload-time = "2024-06-07T18:52:13.582Z" },
]
